
Microsoft Visual Studio Solution File, Format Version 12.00
# Visual Studio Version 16
VisualStudioVersion = 16.0.29324.140
MinimumVisualStudioVersion = 10.0.40219.1
Project("{9A19103F-16F7-4668-BE54-9A1E7A4F7556}") = "Apollo.Rabbit", "src\Apollo.Rabbit\Apollo.Rabbit.csproj", "{A6324F0E-B285-4949-B351-02E54A8F8238}"
EndProject
Project("{2150E333-8FDC-42A3-9474-1A3956D46DE8}") = "samples", "samples", "{0DB067BD-AA5D-4414-BD4F-9FEC5938F0AE}"
EndProject
Project("{FAE04EC0-301F-11D3-BF4B-00C04F79EFBC}") = "RabbitPublisher", "src\samples\RabbitPublisher\RabbitPublisher.csproj", "{531B80D3-532A-43DF-85F1-4CB788991CE6}"
EndProject
Project("{FAE04EC0-301F-11D3-BF4B-00C04F79EFBC}") = "RabbitConsumer", "src\samples\RabbitConsumer\RabbitConsumer.csproj", "{991DBC31-F248-4045-A735-2FDB8418C008}"
EndProject
Global
	GlobalSection(SolutionConfigurationPlatforms) = preSolution
		Debug|Any CPU = Debug|Any CPU
		Release|Any CPU = Release|Any CPU
	EndGlobalSection
	GlobalSection(ProjectConfigurationPlatforms) = postSolution
		{A6324F0E-B285-4949-B351-02E54A8F8238}.Debug|Any CPU.ActiveCfg = Debug|Any CPU
		{A6324F0E-B285-4949-B351-02E54A8F8238}.Debug|Any CPU.Build.0 = Debug|Any CPU
		{A6324F0E-B285-4949-B351-02E54A8F8238}.Release|Any CPU.ActiveCfg = Release|Any CPU
		{A6324F0E-B285-4949-B351-02E54A8F8238}.Release|Any CPU.Build.0 = Release|Any CPU
		{531B80D3-532A-43DF-85F1-4CB788991CE6}.Debug|Any CPU.ActiveCfg = Debug|Any CPU
		{531B80D3-532A-43DF-85F1-4CB788991CE6}.Debug|Any CPU.Build.0 = Debug|Any CPU
		{531B80D3-532A-43DF-85F1-4CB788991CE6}.Release|Any CPU.ActiveCfg = Release|Any CPU
		{531B80D3-532A-43DF-85F1-4CB788991CE6}.Release|Any CPU.Build.0 = Release|Any CPU
		{991DBC31-F248-4045-A735-2FDB8418C008}.Debug|Any CPU.ActiveCfg = Debug|Any CPU
		{991DBC31-F248-4045-A735-2FDB8418C008}.Debug|Any CPU.Build.0 = Debug|Any CPU
		{991DBC31-F248-4045-A735-2FDB8418C008}.Release|Any CPU.ActiveCfg = Release|Any CPU
		{991DBC31-F248-4045-A735-2FDB8418C008}.Release|Any CPU.Build.0 = Release|Any CPU
	EndGlobalSection
	GlobalSection(SolutionProperties) = preSolution
		HideSolutionNode = FALSE
	EndGlobalSection
	GlobalSection(NestedProjects) = preSolution
		{531B80D3-532A-43DF-85F1-4CB788991CE6} = {0DB067BD-AA5D-4414-BD4F-9FEC5938F0AE}
		{991DBC31-F248-4045-A735-2FDB8418C008} = {0DB067BD-AA5D-4414-BD4F-9FEC5938F0AE}
	EndGlobalSection
	GlobalSection(ExtensibilityGlobals) = postSolution
		SolutionGuid = {4F0A4873-4A2C-46F9-823C-9BBE3FD756A8}
	EndGlobalSection
EndGlobal
